<?xml version="1.0" encoding="utf-8"?>
<Project ToolsVersion="4.0" xmlns="http://schemas.microsoft.com/developer/msbuild/2003">
  <ItemGroup>
    <ClCompile Include="..\..\..\wasvg.cc" />
    <ClCompile Include="..\..\..\platform\getopt.cc" />
    <ClCompile Include="..\..\..\platform\utf8.c" />
  </ItemGroup>
  <ItemGroup>
    <ClInclude Include="..\..\..\wasvg.h" />
    <ClInclude Include="..\..\..\platform\getopt.h" />
  </ItemGroup>
</Project>